{
	"name": "@pattern-lab/engine-liquid",
	"version": "1.0.0-alpha.8",
	"lockfileVersion": 1,
	"requires": true,
	"dependencies": {
		"any-promise": {
			"version": "1.3.0",
			"resolved": "https://registry.npmjs.org/any-promise/-/any-promise-1.3.0.tgz",
			"integrity": "sha1-q8av7tzqUugJzcA3au0845Y10X8="
		},
		"fs-extra": {
			"version": "5.0.0",
			"resolved": "https://registry.npmjs.org/fs-extra/-/fs-extra-5.0.0.tgz",
			"integrity": "sha512-66Pm4RYbjzdyeuqudYqhFiNBbCIuI9kgRqLPSHIlXHidW8NIQtVdkM1yeZ4lXwuhbTETv3EUGMNHAAw6hiundQ==",
			"requires": {
				"graceful-fs": "4.1.11",
				"jsonfile": "4.0.0",
				"universalify": "0.1.1"
			},
			"dependencies": {
				"graceful-fs": {
					"version": "4.1.11",
					"resolved": "https://registry.npmjs.org/graceful-fs/-/graceful-fs-4.1.11.tgz",
					"integrity": "sha1-Dovf5NHduIVNZOBOp8AOKgJuVlg="
				},
				"jsonfile": {
					"version": "4.0.0",
					"resolved": "https://registry.npmjs.org/jsonfile/-/jsonfile-4.0.0.tgz",
					"integrity": "sha1-h3Gq4HmbZAdrdmQPygWPnBDjPss=",
					"requires": {
						"graceful-fs": "4.1.11"
					}
				},
				"universalify": {
					"version": "0.1.1",
					"resolved": "https://registry.npmjs.org/universalify/-/universalify-0.1.1.tgz",
					"integrity": "sha1-+nG63UQ3r0wUiEHjs7Fl+enlkLc="
				}
			}
		},
		"liquidjs": {
			"version": "2.2.1",
			"resolved": "https://registry.npmjs.org/liquidjs/-/liquidjs-2.2.1.tgz",
			"integrity": "sha512-01zkRisyDA7fljaTbrstucvvKiMBnhUXi5CRhWyctwsWB2FNR2FUX3sj+TNiOXWpsIMI+6Huu3P/0rNT2Pelmg==",
			"requires": {
				"any-promise": "^1.3.0"
			}
		}
	}
}
